{
  "config_hash": "a6ac6d509ae85288f99980aa41c60175",
  "importmap": {
    "imports": {
      "@tanstack/vue-form": "https://ga.jspm.io/npm:@tanstack/vue-form@0.23.3/dist/esm/index.js",
      "radix-vue": "https://ga.jspm.io/npm:radix-vue@1.8.5/dist/index.js",
      "vue": "https://ga.jspm.io/npm:vue@3.4.30/dist/vue.runtime.esm-browser.prod.js"
    },
    "scopes": {
      "https://ga.jspm.io/": {
        "@floating-ui/core": "https://ga.jspm.io/npm:@floating-ui/core@1.6.3/dist/floating-ui.core.mjs",
        "@floating-ui/dom": "https://ga.jspm.io/npm:@floating-ui/dom@1.6.6/dist/floating-ui.dom.mjs",
        "@floating-ui/utils": "https://ga.jspm.io/npm:@floating-ui/utils@0.2.3/dist/floating-ui.utils.mjs",
        "@floating-ui/utils/dom": "https://ga.jspm.io/npm:@floating-ui/utils@0.2.3/dist/floating-ui.utils.dom.mjs",
        "@floating-ui/vue": "https://ga.jspm.io/npm:@floating-ui/vue@1.0.7/dist/floating-ui.vue.mjs",
        "@internationalized/date": "https://ga.jspm.io/npm:@internationalized/date@3.5.4/dist/import.mjs",
        "@internationalized/number": "https://ga.jspm.io/npm:@internationalized/number@3.5.3/dist/import.mjs",
        "@swc/helpers/_/_class_private_field_init": "https://ga.jspm.io/npm:@swc/helpers@0.5.11/esm/_class_private_field_init.js",
        "@tanstack/form-core": "https://ga.jspm.io/npm:@tanstack/form-core@0.23.3/dist/esm/index.js",
        "@tanstack/store": "https://ga.jspm.io/npm:@tanstack/store@0.5.2/dist/esm/index.js",
        "@tanstack/vue-store": "https://ga.jspm.io/npm:@tanstack/vue-store@0.5.2/dist/esm/index.js",
        "vue-demi": "https://ga.jspm.io/npm:vue-demi@0.14.8/lib/index.mjs"
      }
    }
  },
  "importmap_dev": {
    "imports": {
      "@tanstack/vue-form": "https://ga.jspm.io/npm:@tanstack/vue-form@0.23.3/dist/esm/index.js",
      "radix-vue": "https://ga.jspm.io/npm:radix-vue@1.8.5/dist/index.js",
      "vue": "https://ga.jspm.io/npm:vue@3.4.30/dist/vue.runtime.esm-browser.js"
    },
    "scopes": {
      "https://ga.jspm.io/": {
        "@floating-ui/core": "https://ga.jspm.io/npm:@floating-ui/core@1.6.3/dist/floating-ui.core.mjs",
        "@floating-ui/dom": "https://ga.jspm.io/npm:@floating-ui/dom@1.6.6/dist/floating-ui.dom.mjs",
        "@floating-ui/utils": "https://ga.jspm.io/npm:@floating-ui/utils@0.2.3/dist/floating-ui.utils.mjs",
        "@floating-ui/utils/dom": "https://ga.jspm.io/npm:@floating-ui/utils@0.2.3/dist/floating-ui.utils.dom.mjs",
        "@floating-ui/vue": "https://ga.jspm.io/npm:@floating-ui/vue@1.0.7/dist/floating-ui.vue.mjs",
        "@internationalized/date": "https://ga.jspm.io/npm:@internationalized/date@3.5.4/dist/import.mjs",
        "@internationalized/number": "https://ga.jspm.io/npm:@internationalized/number@3.5.3/dist/import.mjs",
        "@swc/helpers/_/_class_private_field_init": "https://ga.jspm.io/npm:@swc/helpers@0.5.11/esm/_class_private_field_init.js",
        "@tanstack/form-core": "https://ga.jspm.io/npm:@tanstack/form-core@0.23.3/dist/esm/index.js",
        "@tanstack/store": "https://ga.jspm.io/npm:@tanstack/store@0.5.2/dist/esm/index.js",
        "@tanstack/vue-store": "https://ga.jspm.io/npm:@tanstack/vue-store@0.5.2/dist/esm/index.js",
        "vue-demi": "https://ga.jspm.io/npm:vue-demi@0.14.8/lib/index.mjs"
      }
    }
  }
}